
Microsoft Visual Studio Solution File, Format Version 12.00
# Visual Studio Express 2013 for Web
VisualStudioVersion = 12.0.30501.0
MinimumVisualStudioVersion = 10.0.40219.1
Project("{FAE04EC0-301F-11D3-BF4B-00C04F79EFBC}") = "Spatial.Web", "Spatial.Web\Spatial.Web.csproj", "{D21EC6E7-D184-4767-9EE1-500F7732FE01}"
EndProject
Project("{FAE04EC0-301F-11D3-BF4B-00C04F79EFBC}") = "Spatial.Data", "Spatial.Data\Spatial.Data.csproj", "{5DC0EB9B-0460-4647-B19D-11A0912E66C9}"
EndProject
Project("{FAE04EC0-301F-11D3-BF4B-00C04F79EFBC}") = "Spatial.DataModels", "Spatial.DataModels\Spatial.DataModels.csproj", "{50DD1FC4-30D8-4E69-BB39-DBFF415F8FCB}"
EndProject
Global
	GlobalSection(SolutionConfigurationPlatforms) = preSolution
		Debug|Any CPU = Debug|Any CPU
		Release|Any CPU = Release|Any CPU
	EndGlobalSection
	GlobalSection(ProjectConfigurationPlatforms) = postSolution
		{D21EC6E7-D184-4767-9EE1-500F7732FE01}.Debug|Any CPU.ActiveCfg = Debug|Any CPU
		{D21EC6E7-D184-4767-9EE1-500F7732FE01}.Debug|Any CPU.Build.0 = Debug|Any CPU
		{D21EC6E7-D184-4767-9EE1-500F7732FE01}.Release|Any CPU.ActiveCfg = Release|Any CPU
		{D21EC6E7-D184-4767-9EE1-500F7732FE01}.Release|Any CPU.Build.0 = Release|Any CPU
		{5DC0EB9B-0460-4647-B19D-11A0912E66C9}.Debug|Any CPU.ActiveCfg = Debug|Any CPU
		{5DC0EB9B-0460-4647-B19D-11A0912E66C9}.Debug|Any CPU.Build.0 = Debug|Any CPU
		{5DC0EB9B-0460-4647-B19D-11A0912E66C9}.Release|Any CPU.ActiveCfg = Release|Any CPU
		{5DC0EB9B-0460-4647-B19D-11A0912E66C9}.Release|Any CPU.Build.0 = Release|Any CPU
		{50DD1FC4-30D8-4E69-BB39-DBFF415F8FCB}.Debug|Any CPU.ActiveCfg = Debug|Any CPU
		{50DD1FC4-30D8-4E69-BB39-DBFF415F8FCB}.Debug|Any CPU.Build.0 = Debug|Any CPU
		{50DD1FC4-30D8-4E69-BB39-DBFF415F8FCB}.Release|Any CPU.ActiveCfg = Release|Any CPU
		{50DD1FC4-30D8-4E69-BB39-DBFF415F8FCB}.Release|Any CPU.Build.0 = Release|Any CPU
	EndGlobalSection
	GlobalSection(SolutionProperties) = preSolution
		HideSolutionNode = FALSE
	EndGlobalSection
EndGlobal
